
Microsoft Visual Studio Solution File, Format Version 12.00
# Visual Studio Version 16
VisualStudioVersion = 16.0.30621.155
MinimumVisualStudioVersion = 10.0.40219.1
Project("{FAE04EC0-301F-11D3-BF4B-00C04F79EFBC}") = "HospitalLibrary", "HospitalLibrary\HospitalLibrary.csproj", "{EE9B64CD-45E4-4723-A52C-E146E91E2BFB}"
EndProject
Project("{FAE04EC0-301F-11D3-BF4B-00C04F79EFBC}") = "LoggerLibrary", "LoggerLibrary\LoggerLibrary.csproj", "{420A6763-E851-4604-A85C-C5A9FCE168C1}"
EndProject
Project("{FAE04EC0-301F-11D3-BF4B-00C04F79EFBC}") = "Krankenhaus", "Krankenhaus\Krankenhaus.csproj", "{CCDC0DBE-10A9-429C-AC31-29B5FE57716A}"
EndProject
Global
	GlobalSection(SolutionConfigurationPlatforms) = preSolution
		Debug|Any CPU = Debug|Any CPU
		Release|Any CPU = Release|Any CPU
	EndGlobalSection
	GlobalSection(ProjectConfigurationPlatforms) = postSolution
		{EE9B64CD-45E4-4723-A52C-E146E91E2BFB}.Debug|Any CPU.ActiveCfg = Debug|Any CPU
		{EE9B64CD-45E4-4723-A52C-E146E91E2BFB}.Debug|Any CPU.Build.0 = Debug|Any CPU
		{EE9B64CD-45E4-4723-A52C-E146E91E2BFB}.Release|Any CPU.ActiveCfg = Release|Any CPU
		{EE9B64CD-45E4-4723-A52C-E146E91E2BFB}.Release|Any CPU.Build.0 = Release|Any CPU
		{420A6763-E851-4604-A85C-C5A9FCE168C1}.Debug|Any CPU.ActiveCfg = Debug|Any CPU
		{420A6763-E851-4604-A85C-C5A9FCE168C1}.Debug|Any CPU.Build.0 = Debug|Any CPU
		{420A6763-E851-4604-A85C-C5A9FCE168C1}.Release|Any CPU.ActiveCfg = Release|Any CPU
		{420A6763-E851-4604-A85C-C5A9FCE168C1}.Release|Any CPU.Build.0 = Release|Any CPU
		{CCDC0DBE-10A9-429C-AC31-29B5FE57716A}.Debug|Any CPU.ActiveCfg = Debug|Any CPU
		{CCDC0DBE-10A9-429C-AC31-29B5FE57716A}.Debug|Any CPU.Build.0 = Debug|Any CPU
		{CCDC0DBE-10A9-429C-AC31-29B5FE57716A}.Release|Any CPU.ActiveCfg = Release|Any CPU
		{CCDC0DBE-10A9-429C-AC31-29B5FE57716A}.Release|Any CPU.Build.0 = Release|Any CPU
	EndGlobalSection
	GlobalSection(SolutionProperties) = preSolution
		HideSolutionNode = FALSE
	EndGlobalSection
	GlobalSection(ExtensibilityGlobals) = postSolution
		SolutionGuid = {D6A249C3-A69E-48E5-8AA6-C7083BC063A8}
	EndGlobalSection
EndGlobal
